{
  "name": "odh-voice-assistant",
  "version": "1.0.0",
  "lockfileVersion": 1,
  "requires": true,
  "dependencies": {
    "@types/aws-lambda": {
      "version": "8.10.20",
      "resolved": "https://registry.npmjs.org/@types/aws-lambda/-/aws-lambda-8.10.20.tgz",
      "integrity": "sha512-dSgwcvNMZO/jlGEL7+c646bimLWXPklQOxO6056L2hOayQfXvt2q00BBmNTy8ixP7/TCz1cT8GsLBYI5kNoYmQ==",
      "dev": true
    },
    "@types/dotenv": {
      "version": "6.1.1",
      "resolved": "https://registry.npmjs.org/@types/dotenv/-/dotenv-6.1.1.tgz",
      "integrity": "sha512-ftQl3DtBvqHl9L16tpqqzA4YzCSXZfi7g8cQceTz5rOlYtk/IZbFjAv3mLOQlNIgOaylCQWQoBdDQHPgEBJPHg==",
      "requires": {
        "@types/node": "*"
      }
    },
    "@types/i18next": {
      "version": "12.1.0",
      "resolved": "https://registry.npmjs.org/@types/i18next/-/i18next-12.1.0.tgz",
      "integrity": "sha512-qLyqTkp3ZKHsSoX8CNVYcTyTkxlm0aRCUpaUVetgkSlSpiNCdWryOgaYwgbO04tJIfLgBXPcy0tJ3Nl/RagllA==",
      "dev": true
    },
    "@types/i18next-sprintf-postprocessor": {
      "version": "0.0.29",
      "resolved": "https://registry.npmjs.org/@types/i18next-sprintf-postprocessor/-/i18next-sprintf-postprocessor-0.0.29.tgz",
      "integrity": "sha512-ladHKNDLqsR1PuWbmPopJ5IiURvlzpP7x1c35HRTkuEJ3u4xasZofEr5vw4QGyOtnLAoPykl/uhBjFJHrpV6Rg==",
      "dev": true,
      "requires": {
        "@types/i18next": "^2"
      },
      "dependencies": {
        "@types/i18next": {
          "version": "2.3.41",
          "resolved": "https://registry.npmjs.org/@types/i18next/-/i18next-2.3.41.tgz",
          "integrity": "sha512-8BLa2+5itmjj3eJI8zbE58Z+I5UEYP7YKHlEn6E4ZJsr8DkpFePtIvt8s0FtBHKPHA1K+HP0LkEgmQRAb9Kbqw==",
          "dev": true
        }
      }
    },
    "@types/node": {
      "version": "11.10.4",
      "resolved": "https://registry.npmjs.org/@types/node/-/node-11.10.4.tgz",
      "integrity": "sha512-wa09itaLE8L705aXd8F80jnFpxz3Y1/KRHfKsYL2bPc0XF+wEWu8sR9n5bmeu8Ba1N9z2GRNzm/YdHcghLkLKg=="
    },
    "amazon-date-parser": {
      "version": "0.2.0",
      "resolved": "https://registry.npmjs.org/amazon-date-parser/-/amazon-date-parser-0.2.0.tgz",
      "integrity": "sha1-wDQNT+Qo8MIx79yIGoV8JufdIuI="
    },
    "ask-sdk-core": {
      "version": "2.3.0",
      "resolved": "https://registry.npmjs.org/ask-sdk-core/-/ask-sdk-core-2.3.0.tgz",
      "integrity": "sha512-aSc/xaY0lHZu8pmkYPR1ms72WPH73aggo7uL/k0dut6AhP3CmdU3Y9ui7IOAvRJnha0cToQ8TYU0jLEOH6MMNw==",
      "requires": {
        "ask-sdk-runtime": "^2.2.0"
      }
    },
    "ask-sdk-model": {
      "version": "1.12.0",
      "resolved": "https://registry.npmjs.org/ask-sdk-model/-/ask-sdk-model-1.12.0.tgz",
      "integrity": "sha512-JrWlnQ8VwWMXu70RxrIc09kLXrP1qbMTdfttoABRJzBrBnhvLzX9c1Ie112IRpDCp0SWzNfHbUqeq3Bah7aZ5A=="
    },
    "ask-sdk-runtime": {
      "version": "2.2.0",
      "resolved": "https://registry.npmjs.org/ask-sdk-runtime/-/ask-sdk-runtime-2.2.0.tgz",
      "integrity": "sha512-pYqTizpk+13l7sU/bdyIZKRptyR7fP05T8OdY0/tpD8WQaCyIvPigIEHjYcXN0Yz23FkKECbIRvfXN9OQ7Ka5w=="
    },
    "asynckit": {
      "version": "0.4.0",
      "resolved": "https://registry.npmjs.org/asynckit/-/asynckit-0.4.0.tgz",
      "integrity": "sha1-x57Zf380y48robyXkLzDZkdLS3k="
    },
    "combined-stream": {
      "version": "1.0.7",
      "resolved": "https://registry.npmjs.org/combined-stream/-/combined-stream-1.0.7.tgz",
      "integrity": "sha512-brWl9y6vOB1xYPZcpZde3N9zDByXTosAeMDo4p1wzo6UMOX4vumB+TP1RZ76sfE6Md68Q0NJSrE/gbezd4Ul+w==",
      "requires": {
        "delayed-stream": "~1.0.0"
      }
    },
    "component-emitter": {
      "version": "1.2.1",
      "resolved": "https://registry.npmjs.org/component-emitter/-/component-emitter-1.2.1.tgz",
      "integrity": "sha1-E3kY1teCg/ffemt8WmPhQOaUJeY="
    },
    "cookiejar": {
      "version": "2.1.2",
      "resolved": "https://registry.npmjs.org/cookiejar/-/cookiejar-2.1.2.tgz",
      "integrity": "sha512-Mw+adcfzPxcPeI+0WlvRrr/3lGVO0bD75SxX6811cxSh1Wbxx7xZBGK1eVtDf6si8rg2lhnUjsVLMFMfbRIuwA=="
    },
    "core-util-is": {
      "version": "1.0.2",
      "resolved": "https://registry.npmjs.org/core-util-is/-/core-util-is-1.0.2.tgz",
      "integrity": "sha1-tf1UIgqivFq1eqtxQMlAdUUDwac="
    },
    "date-and-time": {
      "version": "0.6.3",
      "resolved": "https://registry.npmjs.org/date-and-time/-/date-and-time-0.6.3.tgz",
      "integrity": "sha512-lcWy3AXDRJOD7MplwZMmNSRM//kZtJaLz4n6D1P5z9wEmZGBKhJRBIr1Xs9KNQJmdXPblvgffynYji4iylUTcA=="
    },
    "debug": {
      "version": "3.2.6",
      "resolved": "https://registry.npmjs.org/debug/-/debug-3.2.6.tgz",
      "integrity": "sha512-mel+jf7nrtEl5Pn1Qx46zARXKDpBbvzezse7p7LqINmdoIk8PYP5SySaxEmYv6TZ0JyEKA1hsCId6DIhgITtWQ==",
      "requires": {
        "ms": "^2.1.1"
      }
    },
    "delayed-stream": {
      "version": "1.0.0",
      "resolved": "https://registry.npmjs.org/delayed-stream/-/delayed-stream-1.0.0.tgz",
      "integrity": "sha1-3zrhmayt+31ECqrgsp4icrJOxhk="
    },
    "dotenv": {
      "version": "8.0.0",
      "resolved": "https://registry.npmjs.org/dotenv/-/dotenv-8.0.0.tgz",
      "integrity": "sha512-30xVGqjLjiUOArT4+M5q9sYdvuR4riM6yK9wMcas9Vbp6zZa+ocC9dp6QoftuhTPhFAiLK/0C5Ni2nou/Bk8lg=="
    },
    "encoding": {
      "version": "0.1.12",
      "resolved": "https://registry.npmjs.org/encoding/-/encoding-0.1.12.tgz",
      "integrity": "sha1-U4tm8+5izRq1HsMjgp0flIDHS+s=",
      "requires": {
        "iconv-lite": "~0.4.13"
      }
    },
    "es6-promise": {
      "version": "4.2.6",
      "resolved": "https://registry.npmjs.org/es6-promise/-/es6-promise-4.2.6.tgz",
      "integrity": "sha512-aRVgGdnmW2OiySVPUC9e6m+plolMAJKjZnQlCwNSuK5yQ0JN61DZSO1X1Ufd1foqWRAlig0rhduTCHe7sVtK5Q=="
    },
    "extend": {
      "version": "3.0.2",
      "resolved": "https://registry.npmjs.org/extend/-/extend-3.0.2.tgz",
      "integrity": "sha512-fjquC59cD7CyW6urNXK0FBufkZcoiGG80wTuPujX590cB5Ttln20E2UB4S/WARVqhXffZl2LNgS+gQdPIIim/g=="
    },
    "form-data": {
      "version": "2.3.3",
      "resolved": "https://registry.npmjs.org/form-data/-/form-data-2.3.3.tgz",
      "integrity": "sha512-1lLKB2Mu3aGP1Q/2eCOx0fNbRMe7XdwktwOruhfqqd0rIJWwN4Dh+E3hrPSlDCXnSR7UtZ1N38rVXm+6+MEhJQ==",
      "requires": {
        "asynckit": "^0.4.0",
        "combined-stream": "^1.0.6",
        "mime-types": "^2.1.12"
      }
    },
    "formidable": {
      "version": "1.2.1",
      "resolved": "https://registry.npmjs.org/formidable/-/formidable-1.2.1.tgz",
      "integrity": "sha512-Fs9VRguL0gqGHkXS5GQiMCr1VhZBxz0JnJs4JmMp/2jL18Fmbzvv7vOFRU+U8TBkHEE/CX1qDXzJplVULgsLeg=="
    },
    "i18next": {
      "version": "11.10.2",
      "resolved": "https://registry.npmjs.org/i18next/-/i18next-11.10.2.tgz",
      "integrity": "sha512-1rowdX8PqrvsdFhYb3v0A/LlIHLQL1HTa4ia29IzhvNAg2fesNV7R1jXibWLmLQdz3FfTB8RuqSqDEjIawXruA=="
    },
    "i18next-sprintf-postprocessor": {
      "version": "0.2.2",
      "resolved": "https://registry.npmjs.org/i18next-sprintf-postprocessor/-/i18next-sprintf-postprocessor-0.2.2.tgz",
      "integrity": "sha1-LkCfEENXk4Jpi2otpwzapVHWfqQ="
    },
    "iconv-lite": {
      "version": "0.4.24",
      "resolved": "https://registry.npmjs.org/iconv-lite/-/iconv-lite-0.4.24.tgz",
      "integrity": "sha512-v3MXnZAcvnywkTUEZomIActle7RXXeedOR31wwl7VlyoXO4Qi9arvSenNQWne1TcRwhCL1HwLI21bEqdpj8/rA==",
      "requires": {
        "safer-buffer": ">= 2.1.2 < 3"
      }
    },
    "inherits": {
      "version": "2.0.3",
      "resolved": "https://registry.npmjs.org/inherits/-/inherits-2.0.3.tgz",
      "integrity": "sha1-Yzwsg+PaQqUC9SRmAiSA9CCCYd4="
    },
    "is-stream": {
      "version": "1.1.0",
      "resolved": "https://registry.npmjs.org/is-stream/-/is-stream-1.1.0.tgz",
      "integrity": "sha1-EtSj3U5o4Lec6428hBc66A2RykQ="
    },
    "isarray": {
      "version": "1.0.0",
      "resolved": "https://registry.npmjs.org/isarray/-/isarray-1.0.0.tgz",
      "integrity": "sha1-u5NdSFgsuhaMBoNJV6VKPgcSTxE="
    },
    "isomorphic-fetch": {
      "version": "2.2.1",
      "resolved": "https://registry.npmjs.org/isomorphic-fetch/-/isomorphic-fetch-2.2.1.tgz",
      "integrity": "sha1-YRrhrPFPXoH3KVB0coGf6XM1WKk=",
      "requires": {
        "node-fetch": "^1.0.1",
        "whatwg-fetch": ">=0.10.0"
      }
    },
    "lodash.get": {
      "version": "4.4.2",
      "resolved": "https://registry.npmjs.org/lodash.get/-/lodash.get-4.4.2.tgz",
      "integrity": "sha1-LRd/ZS+jHpObRDjVNBSZ36OCXpk="
    },
    "methods": {
      "version": "1.1.2",
      "resolved": "https://registry.npmjs.org/methods/-/methods-1.1.2.tgz",
      "integrity": "sha1-VSmk1nZUE07cxSZmVoNbD4Ua/O4="
    },
    "mime": {
      "version": "1.6.0",
      "resolved": "https://registry.npmjs.org/mime/-/mime-1.6.0.tgz",
      "integrity": "sha512-x0Vn8spI+wuJ1O6S7gnbaQg8Pxh4NNHb7KSINmEWKiPE4RKOplvijn+NkmYmmRgP68mc70j2EbeTFRsrswaQeg=="
    },
    "mime-db": {
      "version": "1.38.0",
      "resolved": "https://registry.npmjs.org/mime-db/-/mime-db-1.38.0.tgz",
      "integrity": "sha512-bqVioMFFzc2awcdJZIzR3HjZFX20QhilVS7hytkKrv7xFAn8bM1gzc/FOX2awLISvWe0PV8ptFKcon+wZ5qYkg=="
    },
    "mime-types": {
      "version": "2.1.22",
      "resolved": "https://registry.npmjs.org/mime-types/-/mime-types-2.1.22.tgz",
      "integrity": "sha512-aGl6TZGnhm/li6F7yx82bJiBZwgiEa4Hf6CNr8YO+r5UHr53tSTYZb102zyU50DOWWKeOv0uQLRL0/9EiKWCog==",
      "requires": {
        "mime-db": "~1.38.0"
      }
    },
    "ms": {
      "version": "2.1.1",
      "resolved": "https://registry.npmjs.org/ms/-/ms-2.1.1.tgz",
      "integrity": "sha512-tgp+dl5cGk28utYktBsrFqA7HKgrhgPsg6Z/EfhWI4gl1Hwq8B/GmY/0oXZ6nF8hDVesS/FpnYaD/kOWhYQvyg=="
    },
    "node-fetch": {
      "version": "1.7.3",
      "resolved": "https://registry.npmjs.org/node-fetch/-/node-fetch-1.7.3.tgz",
      "integrity": "sha512-NhZ4CsKx7cYm2vSrBAr2PvFOe6sWDf0UYLRqA6svUYg7+/TSfVAu49jYC4BvQ4Sms9SZgdqGBgroqfDhJdTyKQ==",
      "requires": {
        "encoding": "^0.1.11",
        "is-stream": "^1.0.1"
      }
    },
    "nominatim-js": {
      "version": "1.0.0",
      "resolved": "https://registry.npmjs.org/nominatim-js/-/nominatim-js-1.0.0.tgz",
      "integrity": "sha1-T26QChVBgWPkiJuzj4DFJTn6DjA=",
      "requires": {
        "superagent": "^3.5.2"
      }
    },
    "process-nextick-args": {
      "version": "2.0.0",
      "resolved": "https://registry.npmjs.org/process-nextick-args/-/process-nextick-args-2.0.0.tgz",
      "integrity": "sha512-MtEC1TqN0EU5nephaJ4rAtThHtC86dNN9qCuEhtshvpVBkAW5ZO7BASN9REnF9eoXGcRub+pFuKEpOHE+HbEMw=="
    },
    "qs": {
      "version": "6.6.0",
      "resolved": "https://registry.npmjs.org/qs/-/qs-6.6.0.tgz",
      "integrity": "sha512-KIJqT9jQJDQx5h5uAVPimw6yVg2SekOKu959OCtktD3FjzbpvaPr8i4zzg07DOMz+igA4W/aNM7OV8H37pFYfA=="
    },
    "readable-stream": {
      "version": "2.3.6",
      "resolved": "https://registry.npmjs.org/readable-stream/-/readable-stream-2.3.6.tgz",
      "integrity": "sha512-tQtKA9WIAhBF3+VLAseyMqZeBjW0AHJoxOtYqSUZNJxauErmLbVm2FW1y+J/YA9dUrAC39ITejlZWhVIwawkKw==",
      "requires": {
        "core-util-is": "~1.0.0",
        "inherits": "~2.0.3",
        "isarray": "~1.0.0",
        "process-nextick-args": "~2.0.0",
        "safe-buffer": "~5.1.1",
        "string_decoder": "~1.1.1",
        "util-deprecate": "~1.0.1"
      }
    },
    "safe-buffer": {
      "version": "5.1.2",
      "resolved": "https://registry.npmjs.org/safe-buffer/-/safe-buffer-5.1.2.tgz",
      "integrity": "sha512-Gd2UZBJDkXlY7GbJxfsE8/nvKkUEU1G38c1siN6QP6a9PT9MmHB8GnpscSmMJSoF8LOIrt8ud/wPtojys4G6+g=="
    },
    "safer-buffer": {
      "version": "2.1.2",
      "resolved": "https://registry.npmjs.org/safer-buffer/-/safer-buffer-2.1.2.tgz",
      "integrity": "sha512-YZo3K82SD7Riyi0E1EQPojLz7kpepnSQI9IyPbHHg1XXXevb5dJI7tpyN2ADxGcQbHG7vcyRHk0cbwqcQriUtg=="
    },
    "sort-by-distance": {
      "version": "1.1.0",
      "resolved": "https://registry.npmjs.org/sort-by-distance/-/sort-by-distance-1.1.0.tgz",
      "integrity": "sha512-6GKgOiV/wzYq5SpMSVBefhjC7cHrmVBxrfbnNyu7QwRrAGiqP+DSMRyf6VhRF57kq/4SL24eihseZAWK9mjvdQ==",
      "requires": {
        "lodash.get": "^4.4.2"
      }
    },
    "string_decoder": {
      "version": "1.1.1",
      "resolved": "https://registry.npmjs.org/string_decoder/-/string_decoder-1.1.1.tgz",
      "integrity": "sha512-n/ShnvDi6FHbbVfviro+WojiFzv+s8MPMHBczVePfUpDJLwoLT0ht1l4YwBCbi8pJAveEEdnkHyPyTP/mzRfwg==",
      "requires": {
        "safe-buffer": "~5.1.0"
      }
    },
    "superagent": {
      "version": "3.8.3",
      "resolved": "https://registry.npmjs.org/superagent/-/superagent-3.8.3.tgz",
      "integrity": "sha512-GLQtLMCoEIK4eDv6OGtkOoSMt3D+oq0y3dsxMuYuDvaNUvuT8eFBuLmfR0iYYzHC1e8hpzC6ZsxbuP6DIalMFA==",
      "requires": {
        "component-emitter": "^1.2.0",
        "cookiejar": "^2.1.0",
        "debug": "^3.1.0",
        "extend": "^3.0.0",
        "form-data": "^2.3.1",
        "formidable": "^1.2.0",
        "methods": "^1.1.1",
        "mime": "^1.4.1",
        "qs": "^6.5.1",
        "readable-stream": "^2.3.5"
      }
    },
    "typescript": {
      "version": "3.3.3333",
      "resolved": "https://registry.npmjs.org/typescript/-/typescript-3.3.3333.tgz",
      "integrity": "sha512-JjSKsAfuHBE/fB2oZ8NxtRTk5iGcg6hkYXMnZ3Wc+b2RSqejEqTaem11mHASMnFilHrax3sLK0GDzcJrekZYLw==",
      "dev": true
    },
    "util-deprecate": {
      "version": "1.0.2",
      "resolved": "https://registry.npmjs.org/util-deprecate/-/util-deprecate-1.0.2.tgz",
      "integrity": "sha1-RQ1Nyfpw3nMnYvvS1KKJgUGaDM8="
    },
    "whatwg-fetch": {
      "version": "3.0.0",
      "resolved": "https://registry.npmjs.org/whatwg-fetch/-/whatwg-fetch-3.0.0.tgz",
      "integrity": "sha512-9GSJUgz1D4MfyKU7KRqwOjXCXTqWdFNvEr7eUBYchQiVc744mqK/MzXPNR2WsPkmkOa4ywfg8C2n8h+13Bey1Q=="
    }
  }
}
