{
  "name": "hello-world",
  "version": "1.0.0",
  "lockfileVersion": 1,
  "requires": true,
  "dependencies": {
    "@types/aws-lambda": {
      "version": "8.10.15",
      "resolved": "https://registry.npmjs.org/@types/aws-lambda/-/aws-lambda-8.10.15.tgz",
      "integrity": "sha512-C8yoqVslZ0CxQBTsBIBzAlG+JfevToteoJxzqvYSWGUcnw3oBu05Pe2P/I4hg3udR9qpsCJowXA65L9NYnJbrA==",
      "dev": true
    },
    "@types/i18next": {
      "version": "12.1.0",
      "resolved": "https://registry.npmjs.org/@types/i18next/-/i18next-12.1.0.tgz",
      "integrity": "sha512-qLyqTkp3ZKHsSoX8CNVYcTyTkxlm0aRCUpaUVetgkSlSpiNCdWryOgaYwgbO04tJIfLgBXPcy0tJ3Nl/RagllA==",
      "dev": true
    },
    "@types/i18next-sprintf-postprocessor": {
      "version": "0.0.29",
      "resolved": "https://registry.npmjs.org/@types/i18next-sprintf-postprocessor/-/i18next-sprintf-postprocessor-0.0.29.tgz",
      "integrity": "sha512-ladHKNDLqsR1PuWbmPopJ5IiURvlzpP7x1c35HRTkuEJ3u4xasZofEr5vw4QGyOtnLAoPykl/uhBjFJHrpV6Rg==",
      "dev": true,
      "requires": {
        "@types/i18next": "^2"
      },
      "dependencies": {
        "@types/i18next": {
          "version": "2.3.41",
          "resolved": "https://registry.npmjs.org/@types/i18next/-/i18next-2.3.41.tgz",
          "integrity": "sha512-8BLa2+5itmjj3eJI8zbE58Z+I5UEYP7YKHlEn6E4ZJsr8DkpFePtIvt8s0FtBHKPHA1K+HP0LkEgmQRAb9Kbqw==",
          "dev": true
        }
      }
    },
    "@types/node": {
      "version": "10.12.12",
      "resolved": "https://registry.npmjs.org/@types/node/-/node-10.12.12.tgz",
      "integrity": "sha512-Pr+6JRiKkfsFvmU/LK68oBRCQeEg36TyAbPhc2xpez24OOZZCuoIhWGTd39VZy6nGafSbxzGouFPTFD/rR1A0A==",
      "dev": true
    },
    "ask-sdk-core": {
      "version": "2.3.0",
      "resolved": "https://registry.npmjs.org/ask-sdk-core/-/ask-sdk-core-2.3.0.tgz",
      "integrity": "sha512-aSc/xaY0lHZu8pmkYPR1ms72WPH73aggo7uL/k0dut6AhP3CmdU3Y9ui7IOAvRJnha0cToQ8TYU0jLEOH6MMNw==",
      "requires": {
        "ask-sdk-runtime": "^2.2.0"
      }
    },
    "ask-sdk-model": {
      "version": "1.9.0",
      "resolved": "https://registry.npmjs.org/ask-sdk-model/-/ask-sdk-model-1.9.0.tgz",
      "integrity": "sha512-2oJgVTTtUacpngbKiLlq4hCV1d8rmsl0zN+AEbffUkNWngtaxQEdKJiEABHQhuk5PwVWCx7ZvNMc7/xyx11vJg=="
    },
    "ask-sdk-runtime": {
      "version": "2.2.0",
      "resolved": "https://registry.npmjs.org/ask-sdk-runtime/-/ask-sdk-runtime-2.2.0.tgz",
      "integrity": "sha512-pYqTizpk+13l7sU/bdyIZKRptyR7fP05T8OdY0/tpD8WQaCyIvPigIEHjYcXN0Yz23FkKECbIRvfXN9OQ7Ka5w=="
    },
    "i18next": {
      "version": "12.1.0",
      "resolved": "https://registry.npmjs.org/i18next/-/i18next-12.1.0.tgz",
      "integrity": "sha512-AexmwGkKxwKfo5fGeXTWEY4xqzRPigQ1S/0InOUUVziGO54cd4fKyYK8ED1Thx9fd+WA3fRSZ+1iekvFQMbsFw=="
    },
    "i18next-sprintf-postprocessor": {
      "version": "0.2.2",
      "resolved": "https://registry.npmjs.org/i18next-sprintf-postprocessor/-/i18next-sprintf-postprocessor-0.2.2.tgz",
      "integrity": "sha1-LkCfEENXk4Jpi2otpwzapVHWfqQ="
    },
    "typescript": {
      "version": "3.2.2",
      "resolved": "https://registry.npmjs.org/typescript/-/typescript-3.2.2.tgz",
      "integrity": "sha512-VCj5UiSyHBjwfYacmDuc/NOk4QQixbE+Wn7MFJuS0nRuPQbof132Pw4u53dm264O8LPc2MVsc7RJNml5szurkg==",
      "dev": true
    }
  }
}
