{
  "name": "odh-voice-assistant",
  "version": "1.0.0",
  "lockfileVersion": 1,
  "requires": true,
  "dependencies": {
    "@types/aws-lambda": {
      "version": "8.10.20",
      "resolved": "https://registry.npmjs.org/@types/aws-lambda/-/aws-lambda-8.10.20.tgz",
      "integrity": "sha512-dSgwcvNMZO/jlGEL7+c646bimLWXPklQOxO6056L2hOayQfXvt2q00BBmNTy8ixP7/TCz1cT8GsLBYI5kNoYmQ==",
      "dev": true
    },
    "@types/dateformat": {
      "version": "3.0.0",
      "resolved": "https://registry.npmjs.org/@types/dateformat/-/dateformat-3.0.0.tgz",
      "integrity": "sha512-4N/J/ISasvUYOPnr5gfYRp+YYmPhHqkAyUgP9T9/HQHFoIfjU53lt3jaX67VuTvhpF5WsyNlCcEFbpI3spdxEA==",
      "dev": true
    },
    "@types/i18next": {
      "version": "12.1.0",
      "resolved": "https://registry.npmjs.org/@types/i18next/-/i18next-12.1.0.tgz",
      "integrity": "sha512-qLyqTkp3ZKHsSoX8CNVYcTyTkxlm0aRCUpaUVetgkSlSpiNCdWryOgaYwgbO04tJIfLgBXPcy0tJ3Nl/RagllA==",
      "dev": true
    },
    "@types/i18next-sprintf-postprocessor": {
      "version": "0.0.29",
      "resolved": "https://registry.npmjs.org/@types/i18next-sprintf-postprocessor/-/i18next-sprintf-postprocessor-0.0.29.tgz",
      "integrity": "sha512-ladHKNDLqsR1PuWbmPopJ5IiURvlzpP7x1c35HRTkuEJ3u4xasZofEr5vw4QGyOtnLAoPykl/uhBjFJHrpV6Rg==",
      "dev": true,
      "requires": {
        "@types/i18next": "^2"
      },
      "dependencies": {
        "@types/i18next": {
          "version": "2.3.41",
          "resolved": "https://registry.npmjs.org/@types/i18next/-/i18next-2.3.41.tgz",
          "integrity": "sha512-8BLa2+5itmjj3eJI8zbE58Z+I5UEYP7YKHlEn6E4ZJsr8DkpFePtIvt8s0FtBHKPHA1K+HP0LkEgmQRAb9Kbqw==",
          "dev": true
        }
      }
    },
    "@types/node": {
      "version": "11.10.4",
      "resolved": "https://registry.npmjs.org/@types/node/-/node-11.10.4.tgz",
      "integrity": "sha512-wa09itaLE8L705aXd8F80jnFpxz3Y1/KRHfKsYL2bPc0XF+wEWu8sR9n5bmeu8Ba1N9z2GRNzm/YdHcghLkLKg==",
      "dev": true
    },
    "amazon-date-parser": {
      "version": "0.2.0",
      "resolved": "https://registry.npmjs.org/amazon-date-parser/-/amazon-date-parser-0.2.0.tgz",
      "integrity": "sha1-wDQNT+Qo8MIx79yIGoV8JufdIuI="
    },
    "ask-sdk-core": {
      "version": "2.3.0",
      "resolved": "https://registry.npmjs.org/ask-sdk-core/-/ask-sdk-core-2.3.0.tgz",
      "integrity": "sha512-aSc/xaY0lHZu8pmkYPR1ms72WPH73aggo7uL/k0dut6AhP3CmdU3Y9ui7IOAvRJnha0cToQ8TYU0jLEOH6MMNw==",
      "requires": {
        "ask-sdk-runtime": "^2.2.0"
      }
    },
    "ask-sdk-model": {
      "version": "1.12.0",
      "resolved": "https://registry.npmjs.org/ask-sdk-model/-/ask-sdk-model-1.12.0.tgz",
      "integrity": "sha512-JrWlnQ8VwWMXu70RxrIc09kLXrP1qbMTdfttoABRJzBrBnhvLzX9c1Ie112IRpDCp0SWzNfHbUqeq3Bah7aZ5A=="
    },
    "ask-sdk-runtime": {
      "version": "2.2.0",
      "resolved": "https://registry.npmjs.org/ask-sdk-runtime/-/ask-sdk-runtime-2.2.0.tgz",
      "integrity": "sha512-pYqTizpk+13l7sU/bdyIZKRptyR7fP05T8OdY0/tpD8WQaCyIvPigIEHjYcXN0Yz23FkKECbIRvfXN9OQ7Ka5w=="
    },
    "dateformat": {
      "version": "3.0.3",
      "resolved": "https://registry.npmjs.org/dateformat/-/dateformat-3.0.3.tgz",
      "integrity": "sha512-jyCETtSl3VMZMWeRo7iY1FL19ges1t55hMo5yaam4Jrsm5EPL89UQkoQRyiI+Yf4k8r2ZpdngkV8hr1lIdjb3Q=="
    },
    "encoding": {
      "version": "0.1.12",
      "resolved": "https://registry.npmjs.org/encoding/-/encoding-0.1.12.tgz",
      "integrity": "sha1-U4tm8+5izRq1HsMjgp0flIDHS+s=",
      "requires": {
        "iconv-lite": "~0.4.13"
      }
    },
    "es6-promise": {
      "version": "4.2.6",
      "resolved": "https://registry.npmjs.org/es6-promise/-/es6-promise-4.2.6.tgz",
      "integrity": "sha512-aRVgGdnmW2OiySVPUC9e6m+plolMAJKjZnQlCwNSuK5yQ0JN61DZSO1X1Ufd1foqWRAlig0rhduTCHe7sVtK5Q=="
    },
    "i18next": {
      "version": "11.10.2",
      "resolved": "https://registry.npmjs.org/i18next/-/i18next-11.10.2.tgz",
      "integrity": "sha512-1rowdX8PqrvsdFhYb3v0A/LlIHLQL1HTa4ia29IzhvNAg2fesNV7R1jXibWLmLQdz3FfTB8RuqSqDEjIawXruA=="
    },
    "i18next-sprintf-postprocessor": {
      "version": "0.2.2",
      "resolved": "https://registry.npmjs.org/i18next-sprintf-postprocessor/-/i18next-sprintf-postprocessor-0.2.2.tgz",
      "integrity": "sha1-LkCfEENXk4Jpi2otpwzapVHWfqQ="
    },
    "iconv-lite": {
      "version": "0.4.24",
      "resolved": "https://registry.npmjs.org/iconv-lite/-/iconv-lite-0.4.24.tgz",
      "integrity": "sha512-v3MXnZAcvnywkTUEZomIActle7RXXeedOR31wwl7VlyoXO4Qi9arvSenNQWne1TcRwhCL1HwLI21bEqdpj8/rA==",
      "requires": {
        "safer-buffer": ">= 2.1.2 < 3"
      }
    },
    "is-stream": {
      "version": "1.1.0",
      "resolved": "https://registry.npmjs.org/is-stream/-/is-stream-1.1.0.tgz",
      "integrity": "sha1-EtSj3U5o4Lec6428hBc66A2RykQ="
    },
    "isomorphic-fetch": {
      "version": "2.2.1",
      "resolved": "https://registry.npmjs.org/isomorphic-fetch/-/isomorphic-fetch-2.2.1.tgz",
      "integrity": "sha1-YRrhrPFPXoH3KVB0coGf6XM1WKk=",
      "requires": {
        "node-fetch": "^1.0.1",
        "whatwg-fetch": ">=0.10.0"
      }
    },
    "node-fetch": {
      "version": "1.7.3",
      "resolved": "https://registry.npmjs.org/node-fetch/-/node-fetch-1.7.3.tgz",
      "integrity": "sha512-NhZ4CsKx7cYm2vSrBAr2PvFOe6sWDf0UYLRqA6svUYg7+/TSfVAu49jYC4BvQ4Sms9SZgdqGBgroqfDhJdTyKQ==",
      "requires": {
        "encoding": "^0.1.11",
        "is-stream": "^1.0.1"
      }
    },
    "safer-buffer": {
      "version": "2.1.2",
      "resolved": "https://registry.npmjs.org/safer-buffer/-/safer-buffer-2.1.2.tgz",
      "integrity": "sha512-YZo3K82SD7Riyi0E1EQPojLz7kpepnSQI9IyPbHHg1XXXevb5dJI7tpyN2ADxGcQbHG7vcyRHk0cbwqcQriUtg=="
    },
    "typescript": {
      "version": "3.3.3333",
      "resolved": "https://registry.npmjs.org/typescript/-/typescript-3.3.3333.tgz",
      "integrity": "sha512-JjSKsAfuHBE/fB2oZ8NxtRTk5iGcg6hkYXMnZ3Wc+b2RSqejEqTaem11mHASMnFilHrax3sLK0GDzcJrekZYLw==",
      "dev": true
    },
    "whatwg-fetch": {
      "version": "3.0.0",
      "resolved": "https://registry.npmjs.org/whatwg-fetch/-/whatwg-fetch-3.0.0.tgz",
      "integrity": "sha512-9GSJUgz1D4MfyKU7KRqwOjXCXTqWdFNvEr7eUBYchQiVc744mqK/MzXPNR2WsPkmkOa4ywfg8C2n8h+13Bey1Q=="
    }
  }
}
